{
  "name": "pet-engineering-challenge",
  "version": "1.0.0",
  "lockfileVersion": 1,
  "requires": true,
  "dependencies": {
    "bloom-filters": {
      "version": "0.5.1",
      "resolved": "https://registry.npmjs.org/bloom-filters/-/bloom-filters-0.5.1.tgz",
      "integrity": "sha512-fh0h5LH+bdQ7MVwbaCWPFEeyzY80HqXuBZYcsV7dF+B/tTQgAwwkhNHFLym/UGx4l3Ji02YumMo7TeNlBDTmvA==",
      "requires": {
        "lodash.eq": "4.0.0",
        "lodash.indexof": "4.0.5",
        "murmurhash3js": "3.0.1"
      }
    },
    "csvjson": {
      "version": "4.3.4",
      "resolved": "https://registry.npmjs.org/csvjson/-/csvjson-4.3.4.tgz",
      "integrity": "sha1-3Ew3XAJGIctuMVcsElQAm0CpOaM="
    },
    "inherits": {
      "version": "2.0.1",
      "resolved": "https://registry.npmjs.org/inherits/-/inherits-2.0.1.tgz",
      "integrity": "sha1-sX0I0ya0Qj5Wjv9xn5GwscvfafE="
    },
    "lodash.eq": {
      "version": "4.0.0",
      "resolved": "https://registry.npmjs.org/lodash.eq/-/lodash.eq-4.0.0.tgz",
      "integrity": "sha1-o58Gd55y+cDR8xDJDNKSwWYdUDU="
    },
    "lodash.indexof": {
      "version": "4.0.5",
      "resolved": "https://registry.npmjs.org/lodash.indexof/-/lodash.indexof-4.0.5.tgz",
      "integrity": "sha1-U3FK3Czd1u2HY4+JOqm2wk4x7zw="
    },
    "murmurhash3js": {
      "version": "3.0.1",
      "resolved": "https://registry.npmjs.org/murmurhash3js/-/murmurhash3js-3.0.1.tgz",
      "integrity": "sha1-Ppg+W0fCoG9DpxMXTn5DXKBEuZg="
    },
    "path": {
      "version": "0.12.7",
      "resolved": "https://registry.npmjs.org/path/-/path-0.12.7.tgz",
      "integrity": "sha1-1NwqUGxM4hl+tIHr/NWzbAFAsQ8=",
      "requires": {
        "process": "0.11.10",
        "util": "0.10.3"
      }
    },
    "process": {
      "version": "0.11.10",
      "resolved": "https://registry.npmjs.org/process/-/process-0.11.10.tgz",
      "integrity": "sha1-czIwDoQBYb2j5podHZGn1LwW8YI="
    },
    "util": {
      "version": "0.10.3",
      "resolved": "https://registry.npmjs.org/util/-/util-0.10.3.tgz",
      "integrity": "sha1-evsa/lCAUkZInj23/g7TeTNqwPk=",
      "requires": {
        "inherits": "2.0.1"
      }
    }
  }
}
